// !$*UTF8*$!
{
	archiveVersion = 1;
	classes = {
	};
	objectVersion = 46;
	objects = {

/* Begin PBXBuildFile section */
		58DFFD5B1EAF22260034B74F /* AppDelegate.swift in Sources */ = {isa = PBXBuildFile; fileRef = 58DFFD5A1EAF22260034B74F /* AppDelegate.swift */; };
		58DFFD5D1EAF22260034B74F /* ViewController.swift in Sources */ = {isa = PBXBuildFile; fileRef = 58DFFD5C1EAF22260034B74F /* ViewController.swift */; };
		58DFFD601EAF22260034B74F /* Main.storyboard in Resources */ = {isa = PBXBuildFile; fileRef = 58DFFD5E1EAF22260034B74F /* Main.storyboard */; };
		58DFFD621EAF22260034B74F /* Assets.xcassets in Resources */ = {isa = PBXBuildFile; fileRef = 58DFFD611EAF22260034B74F /* Assets.xcassets */; };
		58DFFD651EAF22260034B74F /* LaunchScreen.storyboard in Resources */ = {isa = PBXBuildFile; fileRef = 58DFFD631EAF22260034B74F /* LaunchScreen.storyboard */; };
/* End PBXBuildFile section */

/* Begin PBXFileReference section */
		58DFFD571EAF22260034B74F /* CoverFlowTest.app */ = {isa = PBXFileReference; explicitFileType = wrapper.application; includeInIndex = 0; path = CoverFlowTest.app; sourceTree = BUILT_PRODUCTS_DIR; };
		58DFFD5A1EAF22260034B74F /* AppDelegate.swift */ = {isa = PBXFileReference; lastKnownFileType = sourcecode.swift; path = AppDelegate.swift; sourceTree = "<group>"; };
		58DFFD5C1EAF22260034B74F /* ViewController.swift */ = {isa = PBXFileReference; lastKnownFileType = sourcecode.swift; path = ViewController.swift; sourceTree = "<group>"; };
		58DFFD5F1EAF22260034B74F /* Base */ = {isa = PBXFileReference; lastKnownFileType = file.storyboard; name = Base; path = Base.lproj/Main.storyboard; sourceTree = "<group>"; };
		58DFFD611EAF22260034B74F /* Assets.xcassets */ = {isa = PBXFileReference; lastKnownFileType = folder.assetcatalog; path = Assets.xcassets; sourceTree = "<group>"; };
		58DFFD641EAF22260034B74F /* Base */ = {isa = PBXFileReference; lastKnownFileType = file.storyboard; name = Base; path = Base.lproj/LaunchScreen.storyboard; sourceTree = "<group>"; };
		58DFFD661EAF22260034B74F /* Info.plist */ = {isa = PBXFileReference; lastKnownFileType = text.plist.xml; path = Info.plist; sourceTree = "<group>"; };
/* End PBXFileReference section */

/* Begin PBXFrameworksBuildPhase section */
		58DFFD541EAF22260034B74F /* Frameworks */ = {
			isa = PBXFrameworksBuildPhase;
			buildActionMask = 2147483647;
			files = (
			);
			runOnlyForDeploymentPostprocessing = 0;
		};
/* End PBXFrameworksBuildPhase section */

/* Begin PBXGroup section */
		58DFFD4E1EAF22250034B74F = {
			isa = PBXGroup;
			children = (
				58DFFD591EAF22260034B74F /* CoverFlowTest */,
				58DFFD581EAF22260034B74F /* Products */,
			);
			sourceTree = "<group>";
		};
		58DFFD581EAF22260034B74F /* Products */ = {
			isa = PBXGroup;
			children = (
				58DFFD571EAF22260034B74F /* CoverFlowTest.app */,
			);
			name = Products;
			sourceTree = "<group>";
		};
		58DFFD591EAF22260034B74F /* CoverFlowTest */ = {
			isa = PBXGroup;
			children = (
				58DFFD5A1EAF22260034B74F /* AppDelegate.swift */,
				58DFFD5C1EAF22260034B74F /* ViewController.swift */,
				58DFFD5E1EAF22260034B74F /* Main.storyboard */,
				58DFFD611EAF22260034B74F /* Assets.xcassets */,
				58DFFD631EAF22260034B74F /* LaunchScreen.storyboard */,
				58DFFD661EAF22260034B74F /* Info.plist */,
			);
			path = CoverFlowTest;
			sourceTree = "<group>";
		};
/* End PBXGroup section */

/* Begin PBXNativeTarget section */
		58DFFD561EAF22260034B74F /* CoverFlowTest */ = {
			isa = PBXNativeTarget;
			buildConfigurationList = 58DFFD691EAF22260034B74F /* Build configuration list for PBXNativeTarget "CoverFlowTest" */;
			buildPhases = (
				58DFFD531EAF22260034B74F /* Sources */,
				58DFFD541EAF22260034B74F /* Frameworks */,
				58DFFD551EAF22260034B74F /* Resources */,
			);
			buildRules = (
			);
			dependencies = (
			);
			name = CoverFlowTest;
			productName = CoverFlowTest;
			productReference = 58DFFD571EAF22260034B74F /* CoverFlowTest.app */;
			productType = "com.apple.product-type.application";
		};
/* End PBXNativeTarget section */

/* Begin PBXProject section */
		58DFFD4F1EAF22250034B74F /* Project object */ = {
			isa = PBXProject;
			attributes = {
				LastSwiftUpdateCheck = 0820;
				LastUpgradeCheck = 0820;
				ORGANIZATIONNAME = Next;
				TargetAttributes = {
					58DFFD561EAF22260034B74F = {
						CreatedOnToolsVersion = 8.2.1;
						DevelopmentTeam = 7KV7Y4QP2Z;
						ProvisioningStyle = Automatic;
					};
				};
			};
			buildConfigurationList = 58DFFD521EAF22250034B74F /* Build configuration list for PBXProject "CoverFlowTest" */;
			compatibilityVersion = "Xcode 3.2";
			developmentRegion = English;
			hasScannedForEncodings = 0;
			knownRegions = (
				en,
				Base,
			);
			mainGroup = 58DFFD4E1EAF22250034B74F;
			productRefGroup = 58DFFD581EAF22260034B74F /* Products */;
			projectDirPath = "";
			projectRoot = "";
			targets = (
				58DFFD561EAF22260034B74F /* CoverFlowTest */,
			);
		};
/* End PBXProject section */

/* Begin PBXResourcesBuildPhase section */
		58DFFD551EAF22260034B74F /* Resources */ = {
			isa = PBXResourcesBuildPhase;
			buildActionMask = 2147483647;
			files = (
				58DFFD651EAF22260034B74F /* LaunchScreen.storyboard in Resources */,
				58DFFD621EAF22260034B74F /* Assets.xcassets in Resources */,
				58DFFD601EAF22260034B74F /* Main.storyboard in Resources */,
			);
			runOnlyForDeploymentPostprocessing = 0;
		};
/* End PBXResourcesBuildPhase section */

/* Begin PBXSourcesBuildPhase section */
		58DFFD531EAF22260034B74F /* Sources */ = {
			isa = PBXSourcesBuildPhase;
			buildActionMask = 2147483647;
			files = (
				58DFFD5D1EAF22260034B74F /* ViewController.swift in Sources */,
				58DFFD5B1EAF22260034B74F /* AppDelegate.swift in Sources */,
			);
			runOnlyForDeploymentPostprocessing = 0;
		};
/* End PBXSourcesBuildPhase section */

/* Begin PBXVariantGroup section */
		58DFFD5E1EAF22260034B74F /* Main.storyboard */ = {
			isa = PBXVariantGroup;
			children = (
				58DFFD5F1EAF22260034B74F /* Base */,
			);
			name = Main.storyboard;
			sourceTree = "<group>";
		};
		58DFFD631EAF22260034B74F /* LaunchScreen.storyboard */ = {
			isa = PBXVariantGroup;
			children = (
				58DFFD641EAF22260034B74F /* Base */,
			);
			name = LaunchScreen.storyboard;
			sourceTree = "<group>";
		};
/* End PBXVariantGroup section */

/* Begin XCBuildConfiguration section */
		58DFFD671EAF22260034B74F /* Debug */ = {
			isa = XCBuildConfiguration;
			buildSettings = {
				ALWAYS_SEARCH_USER_PATHS = NO;
				CLANG_ANALYZER_NONNULL = YES;
				CLANG_CXX_LANGUAGE_STANDARD = "gnu++0x";
				CLANG_CXX_LIBRARY = "libc++";
				CLANG_ENABLE_MODULES = YES;
				CLANG_ENABLE_OBJC_ARC = YES;
				CLANG_WARN_BOOL_CONVERSION = YES;
				CLANG_WARN_CONSTANT_CONVERSION = YES;
				CLANG_WARN_DIRECT_OBJC_ISA_USAGE = YES_ERROR;
				CLANG_WARN_DOCUMENTATION_COMMENTS = YES;
				CLANG_WARN_EMPTY_BODY = YES;
				CLANG_WARN_ENUM_CONVERSION = YES;
				CLANG_WARN_INFINITE_RECURSION = YES;
				CLANG_WARN_INT_CONVERSION = YES;
				CLANG_WARN_OBJC_ROOT_CLASS = YES_ERROR;
				CLANG_WARN_SUSPICIOUS_MOVE = YES;
				CLANG_WARN_UNREACHABLE_CODE = YES;
				CLANG_WARN__DUPLICATE_METHOD_MATCH = YES;
				"CODE_SIGN_IDENTITY[sdk=iphoneos*]" = "iPhone Developer";
				COPY_PHASE_STRIP = NO;
				DEBUG_INFORMATION_FORMAT = dwarf;
				ENABLE_STRICT_OBJC_MSGSEND = YES;
				ENABLE_TESTABILITY = YES;
				GCC_C_LANGUAGE_STANDARD = gnu99;
				GCC_DYNAMIC_NO_PIC = NO;
				GCC_NO_COMMON_BLOCKS = YES;
				GCC_OPTIMIZATION_LEVEL = 0;
				GCC_PREPROCESSOR_DEFINITIONS = (
					"DEBUG=1",
					"$(inherited)",
				);
				GCC_WARN_64_TO_32_BIT_CONVERSION = YES;
				GCC_WARN_ABOUT_RETURN_TYPE = YES_ERROR;
				GCC_WARN_UNDECLARED_SELECTOR = YES;
				GCC_WARN_UNINITIALIZED_AUTOS = YES_AGGRESSIVE;
				GCC_WARN_UNUSED_FUNCTION = YES;
				GCC_WARN_UNUSED_VARIABLE = YES;
				IPHONEOS_DEPLOYMENT_TARGET = 10.2;
				MTL_ENABLE_DEBUG_INFO = YES;
				ONLY_ACTIVE_ARCH = YES;
				SDKROOT = iphoneos;
				SWIFT_ACTIVE_COMPILATION_CONDITIONS = DEBUG;
				SWIFT_OPTIMIZATION_LEVEL = "-Onone";
				TARGETED_DEVICE_FAMILY = "1,2";
			};
			name = Debug;
		};
		58DFFD681EAF22260034B74F /* Release */ = {
			isa = XCBuildConfiguration;
			buildSettings = {
				ALWAYS_SEARCH_USER_PATHS = NO;
				CLANG_ANALYZER_NONNULL = YES;
				CLANG_CXX_LANGUAGE_STANDARD = "gnu++0x";
				CLANG_CXX_LIBRARY = "libc++";
				CLANG_ENABLE_MODULES = YES;
				CLANG_ENABLE_OBJC_ARC = YES;
				CLANG_WARN_BOOL_CONVERSION = YES;
				CLANG_WARN_CONSTANT_CONVERSION = YES;
				CLANG_WARN_DIRECT_OBJC_ISA_USAGE = YES_ERROR;
				CLANG_WARN_DOCUMENTATION_COMMENTS = YES;
				CLANG_WARN_EMPTY_BODY = YES;
				CLANG_WARN_ENUM_CONVERSION = YES;
				CLANG_WARN_INFINITE_RECURSION = YES;
				CLANG_WARN_INT_CONVERSION = YES;
				CLANG_WARN_OBJC_ROOT_CLASS = YES_ERROR;
				CLANG_WARN_SUSPICIOUS_MOVE = YES;
				CLANG_WARN_UNREACHABLE_CODE = YES;
				CLANG_WARN__DUPLICATE_METHOD_MATCH = YES;
				"CODE_SIGN_IDENTITY[sdk=iphoneos*]" = "iPhone Developer";
				COPY_PHASE_STRIP = NO;
				DEBUG_INFORMATION_FORMAT = "dwarf-with-dsym";
				ENABLE_NS_ASSERTIONS = NO;
				ENABLE_STRICT_OBJC_MSGSEND = YES;
				GCC_C_LANGUAGE_STANDARD = gnu99;
				GCC_NO_COMMON_BLOCKS = YES;
				GCC_WARN_64_TO_32_BIT_CONVERSION = YES;
				GCC_WARN_ABOUT_RETURN_TYPE = YES_ERROR;
				GCC_WARN_UNDECLARED_SELECTOR = YES;
				GCC_WARN_UNINITIALIZED_AUTOS = YES_AGGRESSIVE;
				GCC_WARN_UNUSED_FUNCTION = YES;
				GCC_WARN_UNUSED_VARIABLE = YES;
				IPHONEOS_DEPLOYMENT_TARGET = 10.2;
				MTL_ENABLE_DEBUG_INFO = NO;
				SDKROOT = iphoneos;
				SWIFT_OPTIMIZATION_LEVEL = "-Owholemodule";
				TARGETED_DEVICE_FAMILY = "1,2";
				VALIDATE_PRODUCT = YES;
			};
			name = Release;
		};
		58DFFD6A1EAF22260034B74F /* Debug */ = {
			isa = XCBuildConfiguration;
			buildSettings = {
				ASSETCATALOG_COMPILER_APPICON_NAME = AppIcon;
				DEVELOPMENT_TEAM = 7KV7Y4QP2Z;
				INFOPLIST_FILE = CoverFlowTest/Info.plist;
				LD_RUNPATH_SEARCH_PATHS = "$(inherited) @executable_path/Frameworks";
				PRODUCT_BUNDLE_IDENTIFIER = com.next.CoverFlowTest;
				PRODUCT_NAME = "$(TARGET_NAME)";
				SWIFT_VERSION = 3.0;
			};
			name = Debug;
		};
		58DFFD6B1EAF22260034B74F /* Release */ = {
			isa = XCBuildConfiguration;
			buildSettings = {
				ASSETCATALOG_COMPILER_APPICON_NAME = AppIcon;
				DEVELOPMENT_TEAM = 7KV7Y4QP2Z;
				INFOPLIST_FILE = CoverFlowTest/Info.plist;
				LD_RUNPATH_SEARCH_PATHS = "$(inherited) @executable_path/Frameworks";
				PRODUCT_BUNDLE_IDENTIFIER = com.next.CoverFlowTest;
				PRODUCT_NAME = "$(TARGET_NAME)";
				SWIFT_VERSION = 3.0;
			};
			name = Release;
		};
/* End XCBuildConfiguration section */

/* Begin XCConfigurationList section */
		58DFFD521EAF22250034B74F /* Build configuration list for PBXProject "CoverFlowTest" */ = {
			isa = XCConfigurationList;
			buildConfigurations = (
				58DFFD671EAF22260034B74F /* Debug */,
				58DFFD681EAF22260034B74F /* Release */,
			);
			defaultConfigurationIsVisible = 0;
			defaultConfigurationName = Release;
		};
		58DFFD691EAF22260034B74F /* Build configuration list for PBXNativeTarget "CoverFlowTest" */ = {
			isa = XCConfigurationList;
			buildConfigurations = (
				58DFFD6A1EAF22260034B74F /* Debug */,
				58DFFD6B1EAF22260034B74F /* Release */,
			);
			defaultConfigurationIsVisible = 0;
		};
/* End XCConfigurationList section */
	};
	rootObject = 58DFFD4F1EAF22250034B74F /* Project object */;
}
